// !$*UTF8*$!
{
	archiveVersion = 1;
	classes = {
	};
	objectVersion = 46;
	objects = {

/* Begin PBXBuildFile section */
		C21104CA1B38EF2100C9A79F /* main.m in Sources */ = {isa = PBXBuildFile; fileRef = C21104C91B38EF2100C9A79F /* main.m */; };
		C21104CD1B38EF2100C9A79F /* AppDelegate.m in Sources */ = {isa = PBXBuildFile; fileRef = C21104CC1B38EF2100C9A79F /* AppDelegate.m */; };
		C21104D01B38EF2100C9A79F /* MyCeshi.xcdatamodeld in Sources */ = {isa = PBXBuildFile; fileRef = C21104CE1B38EF2100C9A79F /* MyCeshi.xcdatamodeld */; };
		C21104D31B38EF2100C9A79F /* ViewController.m in Sources */ = {isa = PBXBuildFile; fileRef = C21104D21B38EF2100C9A79F /* ViewController.m */; };
		C21104D61B38EF2100C9A79F /* Main.storyboard in Resources */ = {isa = PBXBuildFile; fileRef = C21104D41B38EF2100C9A79F /* Main.storyboard */; };
		C21104D81B38EF2100C9A79F /* Images.xcassets in Resources */ = {isa = PBXBuildFile; fileRef = C21104D71B38EF2100C9A79F /* Images.xcassets */; };
		C21104DB1B38EF2100C9A79F /* LaunchScreen.xib in Resources */ = {isa = PBXBuildFile; fileRef = C21104D91B38EF2100C9A79F /* LaunchScreen.xib */; };
		C21104E71B38EF2100C9A79F /* MyCeshiTests.m in Sources */ = {isa = PBXBuildFile; fileRef = C21104E61B38EF2100C9A79F /* MyCeshiTests.m */; };
/* End PBXBuildFile section */

/* Begin PBXContainerItemProxy section */
		C21104E11B38EF2100C9A79F /* PBXContainerItemProxy */ = {
			isa = PBXContainerItemProxy;
			containerPortal = C21104BC1B38EF2000C9A79F /* Project object */;
			proxyType = 1;
			remoteGlobalIDString = C21104C31B38EF2100C9A79F;
			remoteInfo = MyCeshi;
		};
/* End PBXContainerItemProxy section */

/* Begin PBXFileReference section */
		C21104C41B38EF2100C9A79F /* MyCeshi.app */ = {isa = PBXFileReference; explicitFileType = wrapper.application; includeInIndex = 0; path = MyCeshi.app; sourceTree = BUILT_PRODUCTS_DIR; };
		C21104C81B38EF2100C9A79F /* Info.plist */ = {isa = PBXFileReference; lastKnownFileType = text.plist.xml; path = Info.plist; sourceTree = "<group>"; };
		C21104C91B38EF2100C9A79F /* main.m */ = {isa = PBXFileReference; lastKnownFileType = sourcecode.c.objc; path = main.m; sourceTree = "<group>"; };
		C21104CB1B38EF2100C9A79F /* AppDelegate.h */ = {isa = PBXFileReference; lastKnownFileType = sourcecode.c.h; path = AppDelegate.h; sourceTree = "<group>"; };
		C21104CC1B38EF2100C9A79F /* AppDelegate.m */ = {isa = PBXFileReference; lastKnownFileType = sourcecode.c.objc; path = AppDelegate.m; sourceTree = "<group>"; };
		C21104CF1B38EF2100C9A79F /* MyCeshi.xcdatamodel */ = {isa = PBXFileReference; lastKnownFileType = wrapper.xcdatamodel; path = MyCeshi.xcdatamodel; sourceTree = "<group>"; };
		C21104D11B38EF2100C9A79F /* ViewController.h */ = {isa = PBXFileReference; lastKnownFileType = sourcecode.c.h; path = ViewController.h; sourceTree = "<group>"; };
		C21104D21B38EF2100C9A79F /* ViewController.m */ = {isa = PBXFileReference; lastKnownFileType = sourcecode.c.objc; path = ViewController.m; sourceTree = "<group>"; };
		C21104D51B38EF2100C9A79F /* Base */ = {isa = PBXFileReference; lastKnownFileType = file.storyboard; name = Base; path = Base.lproj/Main.storyboard; sourceTree = "<group>"; };
		C21104D71B38EF2100C9A79F /* Images.xcassets */ = {isa = PBXFileReference; lastKnownFileType = folder.assetcatalog; path = Images.xcassets; sourceTree = "<group>"; };
		C21104DA1B38EF2100C9A79F /* Base */ = {isa = PBXFileReference; lastKnownFileType = file.xib; name = Base; path = Base.lproj/LaunchScreen.xib; sourceTree = "<group>"; };
		C21104E01B38EF2100C9A79F /* MyCeshiTests.xctest */ = {isa = PBXFileReference; explicitFileType = wrapper.cfbundle; includeInIndex = 0; path = MyCeshiTests.xctest; sourceTree = BUILT_PRODUCTS_DIR; };
		C21104E51B38EF2100C9A79F /* Info.plist */ = {isa = PBXFileReference; lastKnownFileType = text.plist.xml; path = Info.plist; sourceTree = "<group>"; };
		C21104E61B38EF2100C9A79F /* MyCeshiTests.m */ = {isa = PBXFileReference; lastKnownFileType = sourcecode.c.objc; path = MyCeshiTests.m; sourceTree = "<group>"; };
/* End PBXFileReference section */

/* Begin PBXFrameworksBuildPhase section */
		C21104C11B38EF2100C9A79F /* Frameworks */ = {
			isa = PBXFrameworksBuildPhase;
			buildActionMask = 2147483647;
			files = (
			);
			runOnlyForDeploymentPostprocessing = 0;
		};
		C21104DD1B38EF2100C9A79F /* Frameworks */ = {
			isa = PBXFrameworksBuildPhase;
			buildActionMask = 2147483647;
			files = (
			);
			runOnlyForDeploymentPostprocessing = 0;
		};
/* End PBXFrameworksBuildPhase section */

/* Begin PBXGroup section */
		C21104BB1B38EF1F00C9A79F = {
			isa = PBXGroup;
			children = (
				C21104C61B38EF2100C9A79F /* MyCeshi */,
				C21104E31B38EF2100C9A79F /* MyCeshiTests */,
				C21104C51B38EF2100C9A79F /* Products */,
			);
			sourceTree = "<group>";
		};
		C21104C51B38EF2100C9A79F /* Products */ = {
			isa = PBXGroup;
			children = (
				C21104C41B38EF2100C9A79F /* MyCeshi.app */,
				C21104E01B38EF2100C9A79F /* MyCeshiTests.xctest */,
			);
			name = Products;
			sourceTree = "<group>";
		};
		C21104C61B38EF2100C9A79F /* MyCeshi */ = {
			isa = PBXGroup;
			children = (
				C21104CB1B38EF2100C9A79F /* AppDelegate.h */,
				C21104CC1B38EF2100C9A79F /* AppDelegate.m */,
				C21104D11B38EF2100C9A79F /* ViewController.h */,
				C21104D21B38EF2100C9A79F /* ViewController.m */,
				C21104D41B38EF2100C9A79F /* Main.storyboard */,
				C21104D71B38EF2100C9A79F /* Images.xcassets */,
				C21104D91B38EF2100C9A79F /* LaunchScreen.xib */,
				C21104CE1B38EF2100C9A79F /* MyCeshi.xcdatamodeld */,
				C21104C71B38EF2100C9A79F /* Supporting Files */,
			);
			path = MyCeshi;
			sourceTree = "<group>";
		};
		C21104C71B38EF2100C9A79F /* Supporting Files */ = {
			isa = PBXGroup;
			children = (
				C21104C81B38EF2100C9A79F /* Info.plist */,
				C21104C91B38EF2100C9A79F /* main.m */,
			);
			name = "Supporting Files";
			sourceTree = "<group>";
		};
		C21104E31B38EF2100C9A79F /* MyCeshiTests */ = {
			isa = PBXGroup;
			children = (
				C21104E61B38EF2100C9A79F /* MyCeshiTests.m */,
				C21104E41B38EF2100C9A79F /* Supporting Files */,
			);
			path = MyCeshiTests;
			sourceTree = "<group>";
		};
		C21104E41B38EF2100C9A79F /* Supporting Files */ = {
			isa = PBXGroup;
			children = (
				C21104E51B38EF2100C9A79F /* Info.plist */,
			);
			name = "Supporting Files";
			sourceTree = "<group>";
		};
/* End PBXGroup section */

/* Begin PBXNativeTarget section */
		C21104C31B38EF2100C9A79F /* MyCeshi */ = {
			isa = PBXNativeTarget;
			buildConfigurationList = C21104EA1B38EF2100C9A79F /* Build configuration list for PBXNativeTarget "MyCeshi" */;
			buildPhases = (
				C21104C01B38EF2100C9A79F /* Sources */,
				C21104C11B38EF2100C9A79F /* Frameworks */,
				C21104C21B38EF2100C9A79F /* Resources */,
			);
			buildRules = (
			);
			dependencies = (
			);
			name = MyCeshi;
			productName = MyCeshi;
			productReference = C21104C41B38EF2100C9A79F /* MyCeshi.app */;
			productType = "com.apple.product-type.application";
		};
		C21104DF1B38EF2100C9A79F /* MyCeshiTests */ = {
			isa = PBXNativeTarget;
			buildConfigurationList = C21104ED1B38EF2100C9A79F /* Build configuration list for PBXNativeTarget "MyCeshiTests" */;
			buildPhases = (
				C21104DC1B38EF2100C9A79F /* Sources */,
				C21104DD1B38EF2100C9A79F /* Frameworks */,
				C21104DE1B38EF2100C9A79F /* Resources */,
			);
			buildRules = (
			);
			dependencies = (
				C21104E21B38EF2100C9A79F /* PBXTargetDependency */,
			);
			name = MyCeshiTests;
			productName = MyCeshiTests;
			productReference = C21104E01B38EF2100C9A79F /* MyCeshiTests.xctest */;
			productType = "com.apple.product-type.bundle.unit-test";
		};
/* End PBXNativeTarget section */

/* Begin PBXProject section */
		C21104BC1B38EF2000C9A79F /* Project object */ = {
			isa = PBXProject;
			attributes = {
				LastUpgradeCheck = 0610;
				ORGANIZATIONNAME = "王云鹏";
				TargetAttributes = {
					C21104C31B38EF2100C9A79F = {
						CreatedOnToolsVersion = 6.1.1;
					};
					C21104DF1B38EF2100C9A79F = {
						CreatedOnToolsVersion = 6.1.1;
						TestTargetID = C21104C31B38EF2100C9A79F;
					};
				};
			};
			buildConfigurationList = C21104BF1B38EF2000C9A79F /* Build configuration list for PBXProject "MyCeshi" */;
			compatibilityVersion = "Xcode 3.2";
			developmentRegion = English;
			hasScannedForEncodings = 0;
			knownRegions = (
				en,
				Base,
			);
			mainGroup = C21104BB1B38EF1F00C9A79F;
			productRefGroup = C21104C51B38EF2100C9A79F /* Products */;
			projectDirPath = "";
			projectRoot = "";
			targets = (
				C21104C31B38EF2100C9A79F /* MyCeshi */,
				C21104DF1B38EF2100C9A79F /* MyCeshiTests */,
			);
		};
/* End PBXProject section */

/* Begin PBXResourcesBuildPhase section */
		C21104C21B38EF2100C9A79F /* Resources */ = {
			isa = PBXResourcesBuildPhase;
			buildActionMask = 2147483647;
			files = (
				C21104D61B38EF2100C9A79F /* Main.storyboard in Resources */,
				C21104DB1B38EF2100C9A79F /* LaunchScreen.xib in Resources */,
				C21104D81B38EF2100C9A79F /* Images.xcassets in Resources */,
			);
			runOnlyForDeploymentPostprocessing = 0;
		};
		C21104DE1B38EF2100C9A79F /* Resources */ = {
			isa = PBXResourcesBuildPhase;
			buildActionMask = 2147483647;
			files = (
			);
			runOnlyForDeploymentPostprocessing = 0;
		};
/* End PBXResourcesBuildPhase section */

/* Begin PBXSourcesBuildPhase section */
		C21104C01B38EF2100C9A79F /* Sources */ = {
			isa = PBXSourcesBuildPhase;
			buildActionMask = 2147483647;
			files = (
				C21104CD1B38EF2100C9A79F /* AppDelegate.m in Sources */,
				C21104D01B38EF2100C9A79F /* MyCeshi.xcdatamodeld in Sources */,
				C21104D31B38EF2100C9A79F /* ViewController.m in Sources */,
				C21104CA1B38EF2100C9A79F /* main.m in Sources */,
			);
			runOnlyForDeploymentPostprocessing = 0;
		};
		C21104DC1B38EF2100C9A79F /* Sources */ = {
			isa = PBXSourcesBuildPhase;
			buildActionMask = 2147483647;
			files = (
				C21104E71B38EF2100C9A79F /* MyCeshiTests.m in Sources */,
			);
			runOnlyForDeploymentPostprocessing = 0;
		};
/* End PBXSourcesBuildPhase section */

/* Begin PBXTargetDependency section */
		C21104E21B38EF2100C9A79F /* PBXTargetDependency */ = {
			isa = PBXTargetDependency;
			target = C21104C31B38EF2100C9A79F /* MyCeshi */;
			targetProxy = C21104E11B38EF2100C9A79F /* PBXContainerItemProxy */;
		};
/* End PBXTargetDependency section */

/* Begin PBXVariantGroup section */
		C21104D41B38EF2100C9A79F /* Main.storyboard */ = {
			isa = PBXVariantGroup;
			children = (
				C21104D51B38EF2100C9A79F /* Base */,
			);
			name = Main.storyboard;
			sourceTree = "<group>";
		};
		C21104D91B38EF2100C9A79F /* LaunchScreen.xib */ = {
			isa = PBXVariantGroup;
			children = (
				C21104DA1B38EF2100C9A79F /* Base */,
			);
			name = LaunchScreen.xib;
			sourceTree = "<group>";
		};
/* End PBXVariantGroup section */

/* Begin XCBuildConfiguration section */
		C21104E81B38EF2100C9A79F /* Debug */ = {
			isa = XCBuildConfiguration;
			buildSettings = {
				ALWAYS_SEARCH_USER_PATHS = NO;
				CLANG_CXX_LANGUAGE_STANDARD = "gnu++0x";
				CLANG_CXX_LIBRARY = "libc++";
				CLANG_ENABLE_MODULES = YES;
				CLANG_ENABLE_OBJC_ARC = YES;
				CLANG_WARN_BOOL_CONVERSION = YES;
				CLANG_WARN_CONSTANT_CONVERSION = YES;
				CLANG_WARN_DIRECT_OBJC_ISA_USAGE = YES_ERROR;
				CLANG_WARN_EMPTY_BODY = YES;
				CLANG_WARN_ENUM_CONVERSION = YES;
				CLANG_WARN_INT_CONVERSION = YES;
				CLANG_WARN_OBJC_ROOT_CLASS = YES_ERROR;
				CLANG_WARN_UNREACHABLE_CODE = YES;
				CLANG_WARN__DUPLICATE_METHOD_MATCH = YES;
				"CODE_SIGN_IDENTITY[sdk=iphoneos*]" = "iPhone Developer";
				COPY_PHASE_STRIP = NO;
				ENABLE_STRICT_OBJC_MSGSEND = YES;
				GCC_C_LANGUAGE_STANDARD = gnu99;
				GCC_DYNAMIC_NO_PIC = NO;
				GCC_OPTIMIZATION_LEVEL = 0;
				GCC_PREPROCESSOR_DEFINITIONS = (
					"DEBUG=1",
					"$(inherited)",
				);
				GCC_SYMBOLS_PRIVATE_EXTERN = NO;
				GCC_WARN_64_TO_32_BIT_CONVERSION = YES;
				GCC_WARN_ABOUT_RETURN_TYPE = YES_ERROR;
				GCC_WARN_UNDECLARED_SELECTOR = YES;
				GCC_WARN_UNINITIALIZED_AUTOS = YES_AGGRESSIVE;
				GCC_WARN_UNUSED_FUNCTION = YES;
				GCC_WARN_UNUSED_VARIABLE = YES;
				IPHONEOS_DEPLOYMENT_TARGET = 8.1;
				MTL_ENABLE_DEBUG_INFO = YES;
				ONLY_ACTIVE_ARCH = YES;
				SDKROOT = iphoneos;
			};
			name = Debug;
		};
		C21104E91B38EF2100C9A79F /* Release */ = {
			isa = XCBuildConfiguration;
			buildSettings = {
				ALWAYS_SEARCH_USER_PATHS = NO;
				CLANG_CXX_LANGUAGE_STANDARD = "gnu++0x";
				CLANG_CXX_LIBRARY = "libc++";
				CLANG_ENABLE_MODULES = YES;
				CLANG_ENABLE_OBJC_ARC = YES;
				CLANG_WARN_BOOL_CONVERSION = YES;
				CLANG_WARN_CONSTANT_CONVERSION = YES;
				CLANG_WARN_DIRECT_OBJC_ISA_USAGE = YES_ERROR;
				CLANG_WARN_EMPTY_BODY = YES;
				CLANG_WARN_ENUM_CONVERSION = YES;
				CLANG_WARN_INT_CONVERSION = YES;
				CLANG_WARN_OBJC_ROOT_CLASS = YES_ERROR;
				CLANG_WARN_UNREACHABLE_CODE = YES;
				CLANG_WARN__DUPLICATE_METHOD_MATCH = YES;
				"CODE_SIGN_IDENTITY[sdk=iphoneos*]" = "iPhone Developer";
				COPY_PHASE_STRIP = YES;
				ENABLE_NS_ASSERTIONS = NO;
				ENABLE_STRICT_OBJC_MSGSEND = YES;
				GCC_C_LANGUAGE_STANDARD = gnu99;
				GCC_WARN_64_TO_32_BIT_CONVERSION = YES;
				GCC_WARN_ABOUT_RETURN_TYPE = YES_ERROR;
				GCC_WARN_UNDECLARED_SELECTOR = YES;
				GCC_WARN_UNINITIALIZED_AUTOS = YES_AGGRESSIVE;
				GCC_WARN_UNUSED_FUNCTION = YES;
				GCC_WARN_UNUSED_VARIABLE = YES;
				IPHONEOS_DEPLOYMENT_TARGET = 8.1;
				MTL_ENABLE_DEBUG_INFO = NO;
				SDKROOT = iphoneos;
				VALIDATE_PRODUCT = YES;
			};
			name = Release;
		};
		C21104EB1B38EF2100C9A79F /* Debug */ = {
			isa = XCBuildConfiguration;
			buildSettings = {
				ASSETCATALOG_COMPILER_APPICON_NAME = AppIcon;
				INFOPLIST_FILE = MyCeshi/Info.plist;
				LD_RUNPATH_SEARCH_PATHS = "$(inherited) @executable_path/Frameworks";
				PRODUCT_NAME = "$(TARGET_NAME)";
			};
			name = Debug;
		};
		C21104EC1B38EF2100C9A79F /* Release */ = {
			isa = XCBuildConfiguration;
			buildSettings = {
				ASSETCATALOG_COMPILER_APPICON_NAME = AppIcon;
				INFOPLIST_FILE = MyCeshi/Info.plist;
				LD_RUNPATH_SEARCH_PATHS = "$(inherited) @executable_path/Frameworks";
				PRODUCT_NAME = "$(TARGET_NAME)";
			};
			name = Release;
		};
		C21104EE1B38EF2100C9A79F /* Debug */ = {
			isa = XCBuildConfiguration;
			buildSettings = {
				BUNDLE_LOADER = "$(TEST_HOST)";
				FRAMEWORK_SEARCH_PATHS = (
					"$(SDKROOT)/Developer/Library/Frameworks",
					"$(inherited)",
				);
				GCC_PREPROCESSOR_DEFINITIONS = (
					"DEBUG=1",
					"$(inherited)",
				);
				INFOPLIST_FILE = MyCeshiTests/Info.plist;
				LD_RUNPATH_SEARCH_PATHS = "$(inherited) @executable_path/Frameworks @loader_path/Frameworks";
				PRODUCT_NAME = "$(TARGET_NAME)";
				TEST_HOST = "$(BUILT_PRODUCTS_DIR)/MyCeshi.app/MyCeshi";
			};
			name = Debug;
		};
		C21104EF1B38EF2100C9A79F /* Release */ = {
			isa = XCBuildConfiguration;
			buildSettings = {
				BUNDLE_LOADER = "$(TEST_HOST)";
				FRAMEWORK_SEARCH_PATHS = (
					"$(SDKROOT)/Developer/Library/Frameworks",
					"$(inherited)",
				);
				INFOPLIST_FILE = MyCeshiTests/Info.plist;
				LD_RUNPATH_SEARCH_PATHS = "$(inherited) @executable_path/Frameworks @loader_path/Frameworks";
				PRODUCT_NAME = "$(TARGET_NAME)";
				TEST_HOST = "$(BUILT_PRODUCTS_DIR)/MyCeshi.app/MyCeshi";
			};
			name = Release;
		};
/* End XCBuildConfiguration section */

/* Begin XCConfigurationList section */
		C21104BF1B38EF2000C9A79F /* Build configuration list for PBXProject "MyCeshi" */ = {
			isa = XCConfigurationList;
			buildConfigurations = (
				C21104E81B38EF2100C9A79F /* Debug */,
				C21104E91B38EF2100C9A79F /* Release */,
			);
			defaultConfigurationIsVisible = 0;
			defaultConfigurationName = Release;
		};
		C21104EA1B38EF2100C9A79F /* Build configuration list for PBXNativeTarget "MyCeshi" */ = {
			isa = XCConfigurationList;
			buildConfigurations = (
				C21104EB1B38EF2100C9A79F /* Debug */,
				C21104EC1B38EF2100C9A79F /* Release */,
			);
			defaultConfigurationIsVisible = 0;
		};
		C21104ED1B38EF2100C9A79F /* Build configuration list for PBXNativeTarget "MyCeshiTests" */ = {
			isa = XCConfigurationList;
			buildConfigurations = (
				C21104EE1B38EF2100C9A79F /* Debug */,
				C21104EF1B38EF2100C9A79F /* Release */,
			);
			defaultConfigurationIsVisible = 0;
		};
/* End XCConfigurationList section */

/* Begin XCVersionGroup section */
		C21104CE1B38EF2100C9A79F /* MyCeshi.xcdatamodeld */ = {
			isa = XCVersionGroup;
			children = (
				C21104CF1B38EF2100C9A79F /* MyCeshi.xcdatamodel */,
			);
			currentVersion = C21104CF1B38EF2100C9A79F /* MyCeshi.xcdatamodel */;
			path = MyCeshi.xcdatamodeld;
			sourceTree = "<group>";
			versionGroupType = wrapper.xcdatamodel;
		};
/* End XCVersionGroup section */
	};
	rootObject = C21104BC1B38EF2000C9A79F /* Project object */;
}
